
Microsoft Visual Studio Solution File, Format Version 12.00
# Visual Studio Version 17
VisualStudioVersion = 17.1.31911.260
MinimumVisualStudioVersion = 10.0.40219.1
Project("{FAE04EC0-301F-11D3-BF4B-00C04F79EFBC}") = "BankBiblioteka", "BankBiblioteka\BankBiblioteka.csproj", "{D1D97476-C525-4CAE-9427-E5BA09B18B31}"
EndProject
Project("{FAE04EC0-301F-11D3-BF4B-00C04F79EFBC}") = "BankUnitTest", "BankUnitTest\BankUnitTest.csproj", "{DCD7487B-2AF4-47EC-9A3D-B340977EA920}"
EndProject
Global
	GlobalSection(SolutionConfigurationPlatforms) = preSolution
		Debug|Any CPU = Debug|Any CPU
		Release|Any CPU = Release|Any CPU
	EndGlobalSection
	GlobalSection(ProjectConfigurationPlatforms) = postSolution
		{D1D97476-C525-4CAE-9427-E5BA09B18B31}.Debug|Any CPU.ActiveCfg = Debug|Any CPU
		{D1D97476-C525-4CAE-9427-E5BA09B18B31}.Debug|Any CPU.Build.0 = Debug|Any CPU
		{D1D97476-C525-4CAE-9427-E5BA09B18B31}.Release|Any CPU.ActiveCfg = Release|Any CPU
		{D1D97476-C525-4CAE-9427-E5BA09B18B31}.Release|Any CPU.Build.0 = Release|Any CPU
		{DCD7487B-2AF4-47EC-9A3D-B340977EA920}.Debug|Any CPU.ActiveCfg = Debug|Any CPU
		{DCD7487B-2AF4-47EC-9A3D-B340977EA920}.Debug|Any CPU.Build.0 = Debug|Any CPU
		{DCD7487B-2AF4-47EC-9A3D-B340977EA920}.Release|Any CPU.ActiveCfg = Release|Any CPU
		{DCD7487B-2AF4-47EC-9A3D-B340977EA920}.Release|Any CPU.Build.0 = Release|Any CPU
	EndGlobalSection
	GlobalSection(SolutionProperties) = preSolution
		HideSolutionNode = FALSE
	EndGlobalSection
	GlobalSection(ExtensibilityGlobals) = postSolution
		SolutionGuid = {4F05F869-0138-4DCE-A3BD-33E011FE9454}
	EndGlobalSection
EndGlobal
